// !$*UTF8*$!
{
	archiveVersion = 1;
	classes = {
	};
	objectVersion = 50;
	objects = {

/* Begin PBXBuildFile section */
		FA85F20A21C9F76D00240DA1 /* AppDelegate.swift in Sources */ = {isa = PBXBuildFile; fileRef = FA85F20921C9F76D00240DA1 /* AppDelegate.swift */; };
		FA85F20C21C9F76D00240DA1 /* ViewController.swift in Sources */ = {isa = PBXBuildFile; fileRef = FA85F20B21C9F76D00240DA1 /* ViewController.swift */; };
		FA85F20F21C9F76D00240DA1 /* Main.storyboard in Resources */ = {isa = PBXBuildFile; fileRef = FA85F20D21C9F76D00240DA1 /* Main.storyboard */; };
		FA85F21121C9F76E00240DA1 /* Assets.xcassets in Resources */ = {isa = PBXBuildFile; fileRef = FA85F21021C9F76E00240DA1 /* Assets.xcassets */; };
		FA85F21421C9F76E00240DA1 /* LaunchScreen.storyboard in Resources */ = {isa = PBXBuildFile; fileRef = FA85F21221C9F76E00240DA1 /* LaunchScreen.storyboard */; };
		FA85F21F21C9F76E00240DA1 /* Mint_KitchenTests.swift in Sources */ = {isa = PBXBuildFile; fileRef = FA85F21E21C9F76E00240DA1 /* Mint_KitchenTests.swift */; };
		FA85F22A21C9F76E00240DA1 /* Mint_KitchenUITests.swift in Sources */ = {isa = PBXBuildFile; fileRef = FA85F22921C9F76E00240DA1 /* Mint_KitchenUITests.swift */; };
/* End PBXBuildFile section */

/* Begin PBXContainerItemProxy section */
		FA85F21B21C9F76E00240DA1 /* PBXContainerItemProxy */ = {
			isa = PBXContainerItemProxy;
			containerPortal = FA85F1FE21C9F76D00240DA1 /* Project object */;
			proxyType = 1;
			remoteGlobalIDString = FA85F20521C9F76D00240DA1;
			remoteInfo = "Mint Kitchen";
		};
		FA85F22621C9F76E00240DA1 /* PBXContainerItemProxy */ = {
			isa = PBXContainerItemProxy;
			containerPortal = FA85F1FE21C9F76D00240DA1 /* Project object */;
			proxyType = 1;
			remoteGlobalIDString = FA85F20521C9F76D00240DA1;
			remoteInfo = "Mint Kitchen";
		};
/* End PBXContainerItemProxy section */

/* Begin PBXFileReference section */
		FA85F20621C9F76D00240DA1 /* Mint Kitchen.app */ = {isa = PBXFileReference; explicitFileType = wrapper.application; includeInIndex = 0; path = "Mint Kitchen.app"; sourceTree = BUILT_PRODUCTS_DIR; };
		FA85F20921C9F76D00240DA1 /* AppDelegate.swift */ = {isa = PBXFileReference; lastKnownFileType = sourcecode.swift; path = AppDelegate.swift; sourceTree = "<group>"; };
		FA85F20B21C9F76D00240DA1 /* ViewController.swift */ = {isa = PBXFileReference; lastKnownFileType = sourcecode.swift; path = ViewController.swift; sourceTree = "<group>"; };
		FA85F20E21C9F76D00240DA1 /* Base */ = {isa = PBXFileReference; lastKnownFileType = file.storyboard; name = Base; path = Base.lproj/Main.storyboard; sourceTree = "<group>"; };
		FA85F21021C9F76E00240DA1 /* Assets.xcassets */ = {isa = PBXFileReference; lastKnownFileType = folder.assetcatalog; path = Assets.xcassets; sourceTree = "<group>"; };
		FA85F21321C9F76E00240DA1 /* Base */ = {isa = PBXFileReference; lastKnownFileType = file.storyboard; name = Base; path = Base.lproj/LaunchScreen.storyboard; sourceTree = "<group>"; };
		FA85F21521C9F76E00240DA1 /* Info.plist */ = {isa = PBXFileReference; lastKnownFileType = text.plist.xml; path = Info.plist; sourceTree = "<group>"; };
		FA85F21A21C9F76E00240DA1 /* Mint KitchenTests.xctest */ = {isa = PBXFileReference; explicitFileType = wrapper.cfbundle; includeInIndex = 0; path = "Mint KitchenTests.xctest"; sourceTree = BUILT_PRODUCTS_DIR; };
		FA85F21E21C9F76E00240DA1 /* Mint_KitchenTests.swift */ = {isa = PBXFileReference; lastKnownFileType = sourcecode.swift; path = Mint_KitchenTests.swift; sourceTree = "<group>"; };
		FA85F22021C9F76E00240DA1 /* Info.plist */ = {isa = PBXFileReference; lastKnownFileType = text.plist.xml; path = Info.plist; sourceTree = "<group>"; };
		FA85F22521C9F76E00240DA1 /* Mint KitchenUITests.xctest */ = {isa = PBXFileReference; explicitFileType = wrapper.cfbundle; includeInIndex = 0; path = "Mint KitchenUITests.xctest"; sourceTree = BUILT_PRODUCTS_DIR; };
		FA85F22921C9F76E00240DA1 /* Mint_KitchenUITests.swift */ = {isa = PBXFileReference; lastKnownFileType = sourcecode.swift; path = Mint_KitchenUITests.swift; sourceTree = "<group>"; };
		FA85F22B21C9F76E00240DA1 /* Info.plist */ = {isa = PBXFileReference; lastKnownFileType = text.plist.xml; path = Info.plist; sourceTree = "<group>"; };
/* End PBXFileReference section */

/* Begin PBXFrameworksBuildPhase section */
		FA85F20321C9F76D00240DA1 /* Frameworks */ = {
			isa = PBXFrameworksBuildPhase;
			buildActionMask = 2147483647;
			files = (
			);
			runOnlyForDeploymentPostprocessing = 0;
		};
		FA85F21721C9F76E00240DA1 /* Frameworks */ = {
			isa = PBXFrameworksBuildPhase;
			buildActionMask = 2147483647;
			files = (
			);
			runOnlyForDeploymentPostprocessing = 0;
		};
		FA85F22221C9F76E00240DA1 /* Frameworks */ = {
			isa = PBXFrameworksBuildPhase;
			buildActionMask = 2147483647;
			files = (
			);
			runOnlyForDeploymentPostprocessing = 0;
		};
/* End PBXFrameworksBuildPhase section */

/* Begin PBXGroup section */
		FA85F1FD21C9F76D00240DA1 = {
			isa = PBXGroup;
			children = (
				FA85F20821C9F76D00240DA1 /* Mint Kitchen */,
				FA85F21D21C9F76E00240DA1 /* Mint KitchenTests */,
				FA85F22821C9F76E00240DA1 /* Mint KitchenUITests */,
				FA85F20721C9F76D00240DA1 /* Products */,
			);
			sourceTree = "<group>";
		};
		FA85F20721C9F76D00240DA1 /* Products */ = {
			isa = PBXGroup;
			children = (
				FA85F20621C9F76D00240DA1 /* Mint Kitchen.app */,
				FA85F21A21C9F76E00240DA1 /* Mint KitchenTests.xctest */,
				FA85F22521C9F76E00240DA1 /* Mint KitchenUITests.xctest */,
			);
			name = Products;
			sourceTree = "<group>";
		};
		FA85F20821C9F76D00240DA1 /* Mint Kitchen */ = {
			isa = PBXGroup;
			children = (
				FA85F20921C9F76D00240DA1 /* AppDelegate.swift */,
				FA85F20B21C9F76D00240DA1 /* ViewController.swift */,
				FA85F20D21C9F76D00240DA1 /* Main.storyboard */,
				FA85F21021C9F76E00240DA1 /* Assets.xcassets */,
				FA85F21221C9F76E00240DA1 /* LaunchScreen.storyboard */,
				FA85F21521C9F76E00240DA1 /* Info.plist */,
			);
			path = "Mint Kitchen";
			sourceTree = "<group>";
		};
		FA85F21D21C9F76E00240DA1 /* Mint KitchenTests */ = {
			isa = PBXGroup;
			children = (
				FA85F21E21C9F76E00240DA1 /* Mint_KitchenTests.swift */,
				FA85F22021C9F76E00240DA1 /* Info.plist */,
			);
			path = "Mint KitchenTests";
			sourceTree = "<group>";
		};
		FA85F22821C9F76E00240DA1 /* Mint KitchenUITests */ = {
			isa = PBXGroup;
			children = (
				FA85F22921C9F76E00240DA1 /* Mint_KitchenUITests.swift */,
				FA85F22B21C9F76E00240DA1 /* Info.plist */,
			);
			path = "Mint KitchenUITests";
			sourceTree = "<group>";
		};
/* End PBXGroup section */

/* Begin PBXNativeTarget section */
		FA85F20521C9F76D00240DA1 /* Mint Kitchen */ = {
			isa = PBXNativeTarget;
			buildConfigurationList = FA85F22E21C9F76E00240DA1 /* Build configuration list for PBXNativeTarget "Mint Kitchen" */;
			buildPhases = (
				FA85F20221C9F76D00240DA1 /* Sources */,
				FA85F20321C9F76D00240DA1 /* Frameworks */,
				FA85F20421C9F76D00240DA1 /* Resources */,
			);
			buildRules = (
			);
			dependencies = (
			);
			name = "Mint Kitchen";
			productName = "Mint Kitchen";
			productReference = FA85F20621C9F76D00240DA1 /* Mint Kitchen.app */;
			productType = "com.apple.product-type.application";
		};
		FA85F21921C9F76E00240DA1 /* Mint KitchenTests */ = {
			isa = PBXNativeTarget;
			buildConfigurationList = FA85F23121C9F76E00240DA1 /* Build configuration list for PBXNativeTarget "Mint KitchenTests" */;
			buildPhases = (
				FA85F21621C9F76E00240DA1 /* Sources */,
				FA85F21721C9F76E00240DA1 /* Frameworks */,
				FA85F21821C9F76E00240DA1 /* Resources */,
			);
			buildRules = (
			);
			dependencies = (
				FA85F21C21C9F76E00240DA1 /* PBXTargetDependency */,
			);
			name = "Mint KitchenTests";
			productName = "Mint KitchenTests";
			productReference = FA85F21A21C9F76E00240DA1 /* Mint KitchenTests.xctest */;
			productType = "com.apple.product-type.bundle.unit-test";
		};
		FA85F22421C9F76E00240DA1 /* Mint KitchenUITests */ = {
			isa = PBXNativeTarget;
			buildConfigurationList = FA85F23421C9F76E00240DA1 /* Build configuration list for PBXNativeTarget "Mint KitchenUITests" */;
			buildPhases = (
				FA85F22121C9F76E00240DA1 /* Sources */,
				FA85F22221C9F76E00240DA1 /* Frameworks */,
				FA85F22321C9F76E00240DA1 /* Resources */,
			);
			buildRules = (
			);
			dependencies = (
				FA85F22721C9F76E00240DA1 /* PBXTargetDependency */,
			);
			name = "Mint KitchenUITests";
			productName = "Mint KitchenUITests";
			productReference = FA85F22521C9F76E00240DA1 /* Mint KitchenUITests.xctest */;
			productType = "com.apple.product-type.bundle.ui-testing";
		};
/* End PBXNativeTarget section */

/* Begin PBXProject section */
		FA85F1FE21C9F76D00240DA1 /* Project object */ = {
			isa = PBXProject;
			attributes = {
				LastSwiftUpdateCheck = 0940;
				LastUpgradeCheck = 0940;
				ORGANIZATIONNAME = Macbook;
				TargetAttributes = {
					FA85F20521C9F76D00240DA1 = {
						CreatedOnToolsVersion = 9.4.1;
					};
					FA85F21921C9F76E00240DA1 = {
						CreatedOnToolsVersion = 9.4.1;
						TestTargetID = FA85F20521C9F76D00240DA1;
					};
					FA85F22421C9F76E00240DA1 = {
						CreatedOnToolsVersion = 9.4.1;
						TestTargetID = FA85F20521C9F76D00240DA1;
					};
				};
			};
			buildConfigurationList = FA85F20121C9F76D00240DA1 /* Build configuration list for PBXProject "Mint Kitchen" */;
			compatibilityVersion = "Xcode 9.3";
			developmentRegion = en;
			hasScannedForEncodings = 0;
			knownRegions = (
				en,
				Base,
			);
			mainGroup = FA85F1FD21C9F76D00240DA1;
			productRefGroup = FA85F20721C9F76D00240DA1 /* Products */;
			projectDirPath = "";
			projectRoot = "";
			targets = (
				FA85F20521C9F76D00240DA1 /* Mint Kitchen */,
				FA85F21921C9F76E00240DA1 /* Mint KitchenTests */,
				FA85F22421C9F76E00240DA1 /* Mint KitchenUITests */,
			);
		};
/* End PBXProject section */

/* Begin PBXResourcesBuildPhase section */
		FA85F20421C9F76D00240DA1 /* Resources */ = {
			isa = PBXResourcesBuildPhase;
			buildActionMask = 2147483647;
			files = (
				FA85F21421C9F76E00240DA1 /* LaunchScreen.storyboard in Resources */,
				FA85F21121C9F76E00240DA1 /* Assets.xcassets in Resources */,
				FA85F20F21C9F76D00240DA1 /* Main.storyboard in Resources */,
			);
			runOnlyForDeploymentPostprocessing = 0;
		};
		FA85F21821C9F76E00240DA1 /* Resources */ = {
			isa = PBXResourcesBuildPhase;
			buildActionMask = 2147483647;
			files = (
			);
			runOnlyForDeploymentPostprocessing = 0;
		};
		FA85F22321C9F76E00240DA1 /* Resources */ = {
			isa = PBXResourcesBuildPhase;
			buildActionMask = 2147483647;
			files = (
			);
			runOnlyForDeploymentPostprocessing = 0;
		};
/* End PBXResourcesBuildPhase section */

/* Begin PBXSourcesBuildPhase section */
		FA85F20221C9F76D00240DA1 /* Sources */ = {
			isa = PBXSourcesBuildPhase;
			buildActionMask = 2147483647;
			files = (
				FA85F20C21C9F76D00240DA1 /* ViewController.swift in Sources */,
				FA85F20A21C9F76D00240DA1 /* AppDelegate.swift in Sources */,
			);
			runOnlyForDeploymentPostprocessing = 0;
		};
		FA85F21621C9F76E00240DA1 /* Sources */ = {
			isa = PBXSourcesBuildPhase;
			buildActionMask = 2147483647;
			files = (
				FA85F21F21C9F76E00240DA1 /* Mint_KitchenTests.swift in Sources */,
			);
			runOnlyForDeploymentPostprocessing = 0;
		};
		FA85F22121C9F76E00240DA1 /* Sources */ = {
			isa = PBXSourcesBuildPhase;
			buildActionMask = 2147483647;
			files = (
				FA85F22A21C9F76E00240DA1 /* Mint_KitchenUITests.swift in Sources */,
			);
			runOnlyForDeploymentPostprocessing = 0;
		};
/* End PBXSourcesBuildPhase section */

/* Begin PBXTargetDependency section */
		FA85F21C21C9F76E00240DA1 /* PBXTargetDependency */ = {
			isa = PBXTargetDependency;
			target = FA85F20521C9F76D00240DA1 /* Mint Kitchen */;
			targetProxy = FA85F21B21C9F76E00240DA1 /* PBXContainerItemProxy */;
		};
		FA85F22721C9F76E00240DA1 /* PBXTargetDependency */ = {
			isa = PBXTargetDependency;
			target = FA85F20521C9F76D00240DA1 /* Mint Kitchen */;
			targetProxy = FA85F22621C9F76E00240DA1 /* PBXContainerItemProxy */;
		};
/* End PBXTargetDependency section */

/* Begin PBXVariantGroup section */
		FA85F20D21C9F76D00240DA1 /* Main.storyboard */ = {
			isa = PBXVariantGroup;
			children = (
				FA85F20E21C9F76D00240DA1 /* Base */,
			);
			name = Main.storyboard;
			sourceTree = "<group>";
		};
		FA85F21221C9F76E00240DA1 /* LaunchScreen.storyboard */ = {
			isa = PBXVariantGroup;
			children = (
				FA85F21321C9F76E00240DA1 /* Base */,
			);
			name = LaunchScreen.storyboard;
			sourceTree = "<group>";
		};
/* End PBXVariantGroup section */

/* Begin XCBuildConfiguration section */
		FA85F22C21C9F76E00240DA1 /* Debug */ = {
			isa = XCBuildConfiguration;
			buildSettings = {
				ALWAYS_SEARCH_USER_PATHS = NO;
				CLANG_ANALYZER_NONNULL = YES;
				CLANG_ANALYZER_NUMBER_OBJECT_CONVERSION = YES_AGGRESSIVE;
				CLANG_CXX_LANGUAGE_STANDARD = "gnu++14";
				CLANG_CXX_LIBRARY = "libc++";
				CLANG_ENABLE_MODULES = YES;
				CLANG_ENABLE_OBJC_ARC = YES;
				CLANG_ENABLE_OBJC_WEAK = YES;
				CLANG_WARN_BLOCK_CAPTURE_AUTORELEASING = YES;
				CLANG_WARN_BOOL_CONVERSION = YES;
				CLANG_WARN_COMMA = YES;
				CLANG_WARN_CONSTANT_CONVERSION = YES;
				CLANG_WARN_DEPRECATED_OBJC_IMPLEMENTATIONS = YES;
				CLANG_WARN_DIRECT_OBJC_ISA_USAGE = YES_ERROR;
				CLANG_WARN_DOCUMENTATION_COMMENTS = YES;
				CLANG_WARN_EMPTY_BODY = YES;
				CLANG_WARN_ENUM_CONVERSION = YES;
				CLANG_WARN_INFINITE_RECURSION = YES;
				CLANG_WARN_INT_CONVERSION = YES;
				CLANG_WARN_NON_LITERAL_NULL_CONVERSION = YES;
				CLANG_WARN_OBJC_IMPLICIT_RETAIN_SELF = YES;
				CLANG_WARN_OBJC_LITERAL_CONVERSION = YES;
				CLANG_WARN_OBJC_ROOT_CLASS = YES_ERROR;
				CLANG_WARN_RANGE_LOOP_ANALYSIS = YES;
				CLANG_WARN_STRICT_PROTOTYPES = YES;
				CLANG_WARN_SUSPICIOUS_MOVE = YES;
				CLANG_WARN_UNGUARDED_AVAILABILITY = YES_AGGRESSIVE;
				CLANG_WARN_UNREACHABLE_CODE = YES;
				CLANG_WARN__DUPLICATE_METHOD_MATCH = YES;
				CODE_SIGN_IDENTITY = "iPhone Developer";
				COPY_PHASE_STRIP = NO;
				DEBUG_INFORMATION_FORMAT = dwarf;
				ENABLE_STRICT_OBJC_MSGSEND = YES;
				ENABLE_TESTABILITY = YES;
				GCC_C_LANGUAGE_STANDARD = gnu11;
				GCC_DYNAMIC_NO_PIC = NO;
				GCC_NO_COMMON_BLOCKS = YES;
				GCC_OPTIMIZATION_LEVEL = 0;
				GCC_PREPROCESSOR_DEFINITIONS = (
					"DEBUG=1",
					"$(inherited)",
				);
				GCC_WARN_64_TO_32_BIT_CONVERSION = YES;
				GCC_WARN_ABOUT_RETURN_TYPE = YES_ERROR;
				GCC_WARN_UNDECLARED_SELECTOR = YES;
				GCC_WARN_UNINITIALIZED_AUTOS = YES_AGGRESSIVE;
				GCC_WARN_UNUSED_FUNCTION = YES;
				GCC_WARN_UNUSED_VARIABLE = YES;
				IPHONEOS_DEPLOYMENT_TARGET = 11.4;
				MTL_ENABLE_DEBUG_INFO = YES;
				ONLY_ACTIVE_ARCH = YES;
				SDKROOT = iphoneos;
				SWIFT_ACTIVE_COMPILATION_CONDITIONS = DEBUG;
				SWIFT_OPTIMIZATION_LEVEL = "-Onone";
			};
			name = Debug;
		};
		FA85F22D21C9F76E00240DA1 /* Release */ = {
			isa = XCBuildConfiguration;
			buildSettings = {
				ALWAYS_SEARCH_USER_PATHS = NO;
				CLANG_ANALYZER_NONNULL = YES;
				CLANG_ANALYZER_NUMBER_OBJECT_CONVERSION = YES_AGGRESSIVE;
				CLANG_CXX_LANGUAGE_STANDARD = "gnu++14";
				CLANG_CXX_LIBRARY = "libc++";
				CLANG_ENABLE_MODULES = YES;
				CLANG_ENABLE_OBJC_ARC = YES;
				CLANG_ENABLE_OBJC_WEAK = YES;
				CLANG_WARN_BLOCK_CAPTURE_AUTORELEASING = YES;
				CLANG_WARN_BOOL_CONVERSION = YES;
				CLANG_WARN_COMMA = YES;
				CLANG_WARN_CONSTANT_CONVERSION = YES;
				CLANG_WARN_DEPRECATED_OBJC_IMPLEMENTATIONS = YES;
				CLANG_WARN_DIRECT_OBJC_ISA_USAGE = YES_ERROR;
				CLANG_WARN_DOCUMENTATION_COMMENTS = YES;
				CLANG_WARN_EMPTY_BODY = YES;
				CLANG_WARN_ENUM_CONVERSION = YES;
				CLANG_WARN_INFINITE_RECURSION = YES;
				CLANG_WARN_INT_CONVERSION = YES;
				CLANG_WARN_NON_LITERAL_NULL_CONVERSION = YES;
				CLANG_WARN_OBJC_IMPLICIT_RETAIN_SELF = YES;
				CLANG_WARN_OBJC_LITERAL_CONVERSION = YES;
				CLANG_WARN_OBJC_ROOT_CLASS = YES_ERROR;
				CLANG_WARN_RANGE_LOOP_ANALYSIS = YES;
				CLANG_WARN_STRICT_PROTOTYPES = YES;
				CLANG_WARN_SUSPICIOUS_MOVE = YES;
				CLANG_WARN_UNGUARDED_AVAILABILITY = YES_AGGRESSIVE;
				CLANG_WARN_UNREACHABLE_CODE = YES;
				CLANG_WARN__DUPLICATE_METHOD_MATCH = YES;
				CODE_SIGN_IDENTITY = "iPhone Developer";
				COPY_PHASE_STRIP = NO;
				DEBUG_INFORMATION_FORMAT = "dwarf-with-dsym";
				ENABLE_NS_ASSERTIONS = NO;
				ENABLE_STRICT_OBJC_MSGSEND = YES;
				GCC_C_LANGUAGE_STANDARD = gnu11;
				GCC_NO_COMMON_BLOCKS = YES;
				GCC_WARN_64_TO_32_BIT_CONVERSION = YES;
				GCC_WARN_ABOUT_RETURN_TYPE = YES_ERROR;
				GCC_WARN_UNDECLARED_SELECTOR = YES;
				GCC_WARN_UNINITIALIZED_AUTOS = YES_AGGRESSIVE;
				GCC_WARN_UNUSED_FUNCTION = YES;
				GCC_WARN_UNUSED_VARIABLE = YES;
				IPHONEOS_DEPLOYMENT_TARGET = 11.4;
				MTL_ENABLE_DEBUG_INFO = NO;
				SDKROOT = iphoneos;
				SWIFT_COMPILATION_MODE = wholemodule;
				SWIFT_OPTIMIZATION_LEVEL = "-O";
				VALIDATE_PRODUCT = YES;
			};
			name = Release;
		};
		FA85F22F21C9F76E00240DA1 /* Debug */ = {
			isa = XCBuildConfiguration;
			buildSettings = {
				ASSETCATALOG_COMPILER_APPICON_NAME = AppIcon;
				CODE_SIGN_STYLE = Automatic;
				DEVELOPMENT_TEAM = QLGU5W3565;
				INFOPLIST_FILE = "Mint Kitchen/Info.plist";
				LD_RUNPATH_SEARCH_PATHS = (
					"$(inherited)",
					"@executable_path/Frameworks",
				);
				PRODUCT_BUNDLE_IDENTIFIER = "com.astro.Mint-Kitchen";
				PRODUCT_NAME = "$(TARGET_NAME)";
				SWIFT_VERSION = 4.0;
				TARGETED_DEVICE_FAMILY = "1,2";
			};
			name = Debug;
		};
		FA85F23021C9F76E00240DA1 /* Release */ = {
			isa = XCBuildConfiguration;
			buildSettings = {
				ASSETCATALOG_COMPILER_APPICON_NAME = AppIcon;
				CODE_SIGN_STYLE = Automatic;
				DEVELOPMENT_TEAM = QLGU5W3565;
				INFOPLIST_FILE = "Mint Kitchen/Info.plist";
				LD_RUNPATH_SEARCH_PATHS = (
					"$(inherited)",
					"@executable_path/Frameworks",
				);
				PRODUCT_BUNDLE_IDENTIFIER = "com.astro.Mint-Kitchen";
				PRODUCT_NAME = "$(TARGET_NAME)";
				SWIFT_VERSION = 4.0;
				TARGETED_DEVICE_FAMILY = "1,2";
			};
			name = Release;
		};
		FA85F23221C9F76E00240DA1 /* Debug */ = {
			isa = XCBuildConfiguration;
			buildSettings = {
				ALWAYS_EMBED_SWIFT_STANDARD_LIBRARIES = YES;
				BUNDLE_LOADER = "$(TEST_HOST)";
				CODE_SIGN_STYLE = Automatic;
				DEVELOPMENT_TEAM = QLGU5W3565;
				INFOPLIST_FILE = "Mint KitchenTests/Info.plist";
				LD_RUNPATH_SEARCH_PATHS = (
					"$(inherited)",
					"@executable_path/Frameworks",
					"@loader_path/Frameworks",
				);
				PRODUCT_BUNDLE_IDENTIFIER = "com.astro.Mint-KitchenTests";
				PRODUCT_NAME = "$(TARGET_NAME)";
				SWIFT_VERSION = 4.0;
				TARGETED_DEVICE_FAMILY = "1,2";
				TEST_HOST = "$(BUILT_PRODUCTS_DIR)/Mint Kitchen.app/Mint Kitchen";
			};
			name = Debug;
		};
		FA85F23321C9F76E00240DA1 /* Release */ = {
			isa = XCBuildConfiguration;
			buildSettings = {
				ALWAYS_EMBED_SWIFT_STANDARD_LIBRARIES = YES;
				BUNDLE_LOADER = "$(TEST_HOST)";
				CODE_SIGN_STYLE = Automatic;
				DEVELOPMENT_TEAM = QLGU5W3565;
				INFOPLIST_FILE = "Mint KitchenTests/Info.plist";
				LD_RUNPATH_SEARCH_PATHS = (
					"$(inherited)",
					"@executable_path/Frameworks",
					"@loader_path/Frameworks",
				);
				PRODUCT_BUNDLE_IDENTIFIER = "com.astro.Mint-KitchenTests";
				PRODUCT_NAME = "$(TARGET_NAME)";
				SWIFT_VERSION = 4.0;
				TARGETED_DEVICE_FAMILY = "1,2";
				TEST_HOST = "$(BUILT_PRODUCTS_DIR)/Mint Kitchen.app/Mint Kitchen";
			};
			name = Release;
		};
		FA85F23521C9F76E00240DA1 /* Debug */ = {
			isa = XCBuildConfiguration;
			buildSettings = {
				ALWAYS_EMBED_SWIFT_STANDARD_LIBRARIES = YES;
				CODE_SIGN_STYLE = Automatic;
				DEVELOPMENT_TEAM = QLGU5W3565;
				INFOPLIST_FILE = "Mint KitchenUITests/Info.plist";
				LD_RUNPATH_SEARCH_PATHS = (
					"$(inherited)",
					"@executable_path/Frameworks",
					"@loader_path/Frameworks",
				);
				PRODUCT_BUNDLE_IDENTIFIER = "com.astro.Mint-KitchenUITests";
				PRODUCT_NAME = "$(TARGET_NAME)";
				SWIFT_VERSION = 4.0;
				TARGETED_DEVICE_FAMILY = "1,2";
				TEST_TARGET_NAME = "Mint Kitchen";
			};
			name = Debug;
		};
		FA85F23621C9F76E00240DA1 /* Release */ = {
			isa = XCBuildConfiguration;
			buildSettings = {
				ALWAYS_EMBED_SWIFT_STANDARD_LIBRARIES = YES;
				CODE_SIGN_STYLE = Automatic;
				DEVELOPMENT_TEAM = QLGU5W3565;
				INFOPLIST_FILE = "Mint KitchenUITests/Info.plist";
				LD_RUNPATH_SEARCH_PATHS = (
					"$(inherited)",
					"@executable_path/Frameworks",
					"@loader_path/Frameworks",
				);
				PRODUCT_BUNDLE_IDENTIFIER = "com.astro.Mint-KitchenUITests";
				PRODUCT_NAME = "$(TARGET_NAME)";
				SWIFT_VERSION = 4.0;
				TARGETED_DEVICE_FAMILY = "1,2";
				TEST_TARGET_NAME = "Mint Kitchen";
			};
			name = Release;
		};
/* End XCBuildConfiguration section */

/* Begin XCConfigurationList section */
		FA85F20121C9F76D00240DA1 /* Build configuration list for PBXProject "Mint Kitchen" */ = {
			isa = XCConfigurationList;
			buildConfigurations = (
				FA85F22C21C9F76E00240DA1 /* Debug */,
				FA85F22D21C9F76E00240DA1 /* Release */,
			);
			defaultConfigurationIsVisible = 0;
			defaultConfigurationName = Release;
		};
		FA85F22E21C9F76E00240DA1 /* Build configuration list for PBXNativeTarget "Mint Kitchen" */ = {
			isa = XCConfigurationList;
			buildConfigurations = (
				FA85F22F21C9F76E00240DA1 /* Debug */,
				FA85F23021C9F76E00240DA1 /* Release */,
			);
			defaultConfigurationIsVisible = 0;
			defaultConfigurationName = Release;
		};
		FA85F23121C9F76E00240DA1 /* Build configuration list for PBXNativeTarget "Mint KitchenTests" */ = {
			isa = XCConfigurationList;
			buildConfigurations = (
				FA85F23221C9F76E00240DA1 /* Debug */,
				FA85F23321C9F76E00240DA1 /* Release */,
			);
			defaultConfigurationIsVisible = 0;
			defaultConfigurationName = Release;
		};
		FA85F23421C9F76E00240DA1 /* Build configuration list for PBXNativeTarget "Mint KitchenUITests" */ = {
			isa = XCConfigurationList;
			buildConfigurations = (
				FA85F23521C9F76E00240DA1 /* Debug */,
				FA85F23621C9F76E00240DA1 /* Release */,
			);
			defaultConfigurationIsVisible = 0;
			defaultConfigurationName = Release;
		};
/* End XCConfigurationList section */
	};
	rootObject = FA85F1FE21C9F76D00240DA1 /* Project object */;
}
